GALEX_FUV
GALEX_NUV
CFHT_u
CFHT_ustar
SC_IB427
SC_B
SC_IB464
SC_gp
HSC_g
SC_IA484
SC_IB505
SC_IA527
SC_V
SC_IB574
HSC_r
SC_IA624
SC_rp
SC_IA679
SC_IB709
SC_NB711
SC_IA738
SC_ip
HSC_i
SC_IA767
ACS_F814W
SC_NB816
SC_IB827
HSC_z
SC_zp
SC_zpp
HSC_y
UVISTA_Y
UVISTA_NB118
UVISTA_J
UVISTA_H
UVISTA_Ks
IRAC_CH1
SPLASH_CH1
IRAC_CH2
SPLASH_CH2
SPLASH_CH3
SPLASH_CH4